
Microsoft Visual Studio Solution File, Format Version 12.00
# Visual Studio Version 16
VisualStudioVersion = 16.0.29613.14
MinimumVisualStudioVersion = 10.0.40219.1
Project("{FAE04EC0-301F-11D3-BF4B-00C04F79EFBC}") = "Fuggohidak", "Fuggohidak.csproj", "{DA8345C8-574D-4F7C-BC9D-F80C225DC06C}"
EndProject
Global
	GlobalSection(SolutionConfigurationPlatforms) = preSolution
		Debug|Any CPU = Debug|Any CPU
		Release|Any CPU = Release|Any CPU
	EndGlobalSection
	GlobalSection(ProjectConfigurationPlatforms) = postSolution
		{DA8345C8-574D-4F7C-BC9D-F80C225DC06C}.Debug|Any CPU.ActiveCfg = Debug|Any CPU
		{DA8345C8-574D-4F7C-BC9D-F80C225DC06C}.Debug|Any CPU.Build.0 = Debug|Any CPU
		{DA8345C8-574D-4F7C-BC9D-F80C225DC06C}.Release|Any CPU.ActiveCfg = Release|Any CPU
		{DA8345C8-574D-4F7C-BC9D-F80C225DC06C}.Release|Any CPU.Build.0 = Release|Any CPU
	EndGlobalSection
	GlobalSection(SolutionProperties) = preSolution
		HideSolutionNode = FALSE
	EndGlobalSection
	GlobalSection(ExtensibilityGlobals) = postSolution
		SolutionGuid = {F6A5030C-5649-40C0-914A-0169BEEEDF16}
	EndGlobalSection
EndGlobal
